
Microsoft Visual Studio Solution File, Format Version 12.00
# Visual Studio Version 17
VisualStudioVersion = 17.14.35806.103 d17.14
MinimumVisualStudioVersion = 10.0.40219.1
Project("{FAE04EC0-301F-11D3-BF4B-00C04F79EFBC}") = "Factorial", "Factorial\Factorial.csproj", "{62BFCD3C-9307-49D2-8FD9-1D187C20A869}"
EndProject
Global
	GlobalSection(SolutionConfigurationPlatforms) = preSolution
		Debug|Any CPU = Debug|Any CPU
		Release|Any CPU = Release|Any CPU
	EndGlobalSection
	GlobalSection(ProjectConfigurationPlatforms) = postSolution
		{62BFCD3C-9307-49D2-8FD9-1D187C20A869}.Debug|Any CPU.ActiveCfg = Debug|Any CPU
		{62BFCD3C-9307-49D2-8FD9-1D187C20A869}.Debug|Any CPU.Build.0 = Debug|Any CPU
		{62BFCD3C-9307-49D2-8FD9-1D187C20A869}.Release|Any CPU.ActiveCfg = Release|Any CPU
		{62BFCD3C-9307-49D2-8FD9-1D187C20A869}.Release|Any CPU.Build.0 = Release|Any CPU
	EndGlobalSection
	GlobalSection(SolutionProperties) = preSolution
		HideSolutionNode = FALSE
	EndGlobalSection
	GlobalSection(ExtensibilityGlobals) = postSolution
		SolutionGuid = {180301BA-B6DE-4DCD-98E4-864E870C8F82}
	EndGlobalSection
EndGlobal
