
Microsoft Visual Studio Solution File, Format Version 12.00
# Visual Studio Version 17
VisualStudioVersion = 17.14.35806.103 d17.14
MinimumVisualStudioVersion = 10.0.40219.1
Project("{FAE04EC0-301F-11D3-BF4B-00C04F79EFBC}") = "Student", "Student\Student.csproj", "{E05ED0B6-BC8A-4E51-B9A7-EC32C5A45405}"
EndProject
Global
	GlobalSection(SolutionConfigurationPlatforms) = preSolution
		Debug|Any CPU = Debug|Any CPU
		Release|Any CPU = Release|Any CPU
	EndGlobalSection
	GlobalSection(ProjectConfigurationPlatforms) = postSolution
		{E05ED0B6-BC8A-4E51-B9A7-EC32C5A45405}.Debug|Any CPU.ActiveCfg = Debug|Any CPU
		{E05ED0B6-BC8A-4E51-B9A7-EC32C5A45405}.Debug|Any CPU.Build.0 = Debug|Any CPU
		{E05ED0B6-BC8A-4E51-B9A7-EC32C5A45405}.Release|Any CPU.ActiveCfg = Release|Any CPU
		{E05ED0B6-BC8A-4E51-B9A7-EC32C5A45405}.Release|Any CPU.Build.0 = Release|Any CPU
	EndGlobalSection
	GlobalSection(SolutionProperties) = preSolution
		HideSolutionNode = FALSE
	EndGlobalSection
	GlobalSection(ExtensibilityGlobals) = postSolution
		SolutionGuid = {7B4F9747-5EB2-4B9E-B80B-EAC93711A7B7}
	EndGlobalSection
EndGlobal
